
Microsoft Visual Studio Solution File, Format Version 11.00
# Visual Studio 2010
Project("{FAE04EC0-301F-11D3-BF4B-00C04F79EFBC}") = "Assembly-CSharp", "Assembly-CSharp.csproj", "{c342179a-996c-ffcd-8580-0ade9a9fffe2}"
EndProject
Project("{FAE04EC0-301F-11D3-BF4B-00C04F79EFBC}") = "Assembly-CSharp-firstpass", "Assembly-CSharp-firstpass.csproj", "{d794eaee-78c2-f54d-538e-9040efa1bf16}"
EndProject
Project("{FAE04EC0-301F-11D3-BF4B-00C04F79EFBC}") = "Assembly-CSharp-Editor", "Assembly-CSharp-Editor.csproj", "{431b0bfc-f1c8-f67d-d322-ccbd74ca9614}"
EndProject
Global
	GlobalSection(SolutionConfigurationPlatforms) = preSolution
		Debug|Any CPU = Debug|Any CPU
	EndGlobalSection
	GlobalSection(ProjectConfigurationPlatforms) = postSolution
		{c342179a-996c-ffcd-8580-0ade9a9fffe2}.Debug|Any CPU.ActiveCfg = Debug|Any CPU
		{c342179a-996c-ffcd-8580-0ade9a9fffe2}.Debug|Any CPU.Build.0 = Debug|Any CPU
		{d794eaee-78c2-f54d-538e-9040efa1bf16}.Debug|Any CPU.ActiveCfg = Debug|Any CPU
		{d794eaee-78c2-f54d-538e-9040efa1bf16}.Debug|Any CPU.Build.0 = Debug|Any CPU
		{431b0bfc-f1c8-f67d-d322-ccbd74ca9614}.Debug|Any CPU.ActiveCfg = Debug|Any CPU
		{431b0bfc-f1c8-f67d-d322-ccbd74ca9614}.Debug|Any CPU.Build.0 = Debug|Any CPU
	EndGlobalSection
	GlobalSection(SolutionProperties) = preSolution
		HideSolutionNode = FALSE
	EndGlobalSection
EndGlobal
